# This file is automatically @generated by Cargo.
# It is not intended for manual editing.
version = 3

[[package]]
name = "anyhow"
version = "1.0.77"
source = "registry+https://github.com/rust-lang/crates.io-index"
checksum = "c9d19de80eff169429ac1e9f48fffb163916b448a44e8e046186232046d9e1f9"

[[package]]
name = "cc"
version = "1.0.83"
source = "registry+https://github.com/rust-lang/crates.io-index"
checksum = "f1174fb0b6ec23863f8b971027804a42614e347eafb0a95bf0b12cdae21fc4d0"
dependencies = [
 "libc",
]

[[package]]
name = "color-format"
version = "0.1.0"
source = "git+https://github.com/LinusDikomey/color-format#759f7112e65ae62644e64fa5bfe7065d9b7ce794"
dependencies = [
 "color-format-macros",
]

[[package]]
name = "color-format-macros"
version = "0.1.0"
source = "git+https://github.com/LinusDikomey/color-format#759f7112e65ae62644e64fa5bfe7065d9b7ce794"
dependencies = [
 "quote",
 "syn",
]

[[package]]
name = "dmap"
version = "0.1.0"

[[package]]
name = "eye-query"
version = "0.1.0"
dependencies = [
 "color-format",
 "dmap",
 "id",
 "span",
 "types",
]

[[package]]
name = "id"
version = "0.1.0"

[[package]]
name = "ir"
version = "0.1.0"
dependencies = [
 "color-format",
]

[[package]]
name = "ir-backend-llvm"
version = "0.1.0"
dependencies = [
 "ir",
 "llvm-sys",
]

[[package]]
name = "lazy_static"
version = "1.4.0"
source = "registry+https://github.com/rust-lang/crates.io-index"
checksum = "e2abad23fbc42b3700f2f279844dc832adb2b2eb069b2df918f455c4e18cc646"

[[package]]
name = "libc"
version = "0.2.151"
source = "registry+https://github.com/rust-lang/crates.io-index"
checksum = "302d7ab3130588088d277783b1e2d2e10c9e9e4a16dd9050e6ec93fb3e7048f4"

[[package]]
name = "llvm-sys"
version = "170.0.1"
source = "registry+https://github.com/rust-lang/crates.io-index"
checksum = "eed90f72df5504c0af2e3a08ee7762a4a3e42ec2605811fc19f64879de40c50a"
dependencies = [
 "anyhow",
 "cc",
 "lazy_static",
 "libc",
 "regex-lite",
 "semver",
]

[[package]]
name = "proc-macro2"
version = "1.0.69"
source = "registry+https://github.com/rust-lang/crates.io-index"
checksum = "134c189feb4956b20f6f547d2cf727d4c0fe06722b20a0eec87ed445a97f92da"
dependencies = [
 "unicode-ident",
]

[[package]]
name = "quote"
version = "1.0.33"
source = "registry+https://github.com/rust-lang/crates.io-index"
checksum = "5267fca4496028628a95160fc423a33e8b2e6af8a5302579e322e4b520293cae"
dependencies = [
 "proc-macro2",
]

[[package]]
name = "regex-lite"
version = "0.1.5"
source = "registry+https://github.com/rust-lang/crates.io-index"
checksum = "30b661b2f27137bdbc16f00eda72866a92bb28af1753ffbd56744fb6e2e9cd8e"

[[package]]
name = "semver"
version = "1.0.20"
source = "registry+https://github.com/rust-lang/crates.io-index"
checksum = "836fa6a3e1e547f9a2c4040802ec865b5d85f4014efe00555d7090a3dcaa1090"

[[package]]
name = "span"
version = "0.1.0"
dependencies = [
 "id",
]

[[package]]
name = "syn"
version = "1.0.109"
source = "registry+https://github.com/rust-lang/crates.io-index"
checksum = "72b64191b275b66ffe2469e8af2c1cfe3bafa67b529ead792a6d0160888b4237"
dependencies = [
 "proc-macro2",
 "quote",
 "unicode-ident",
]

[[package]]
name = "types"
version = "0.1.0"
dependencies = [
 "id",
 "span",
]

[[package]]
name = "unicode-ident"
version = "1.0.12"
source = "registry+https://github.com/rust-lang/crates.io-index"
checksum = "3354b9ac3fae1ff6755cb6db53683adb661634f67557942dea4facebec0fee4b"
